// !$*UTF8*$!
{
	archiveVersion = 1;
	classes = {
	};
	objectVersion = 50;
	objects = {

/* Begin PBXBuildFile section */
		B825C05021016203003B644B /* EventDetailViewController.swift in Sources */ = {isa = PBXBuildFile; fileRef = B825C04F21016203003B644B /* EventDetailViewController.swift */; };
		B83809A920FE27CA00A45DF9 /* EventsViewController.swift in Sources */ = {isa = PBXBuildFile; fileRef = B83809A720FE27CA00A45DF9 /* EventsViewController.swift */; };
		B83809AA20FE27CA00A45DF9 /* StaffViewController.swift in Sources */ = {isa = PBXBuildFile; fileRef = B83809A820FE27CA00A45DF9 /* StaffViewController.swift */; };
		B83809AC20FE2D0C00A45DF9 /* Staff.swift in Sources */ = {isa = PBXBuildFile; fileRef = B83809AB20FE2D0C00A45DF9 /* Staff.swift */; };
		B83809B120FE2D6C00A45DF9 /* Event.swift in Sources */ = {isa = PBXBuildFile; fileRef = B83809B020FE2D6C00A45DF9 /* Event.swift */; };
		B84FB3F621061BFE005443AC /* Haptics.swift in Sources */ = {isa = PBXBuildFile; fileRef = B84FB3F521061BFE005443AC /* Haptics.swift */; };
		B89C9FD22106A3BE000D508B /* SettingsViewController.swift in Sources */ = {isa = PBXBuildFile; fileRef = B89C9FD12106A3BE000D508B /* SettingsViewController.swift */; };
		B89C9FD42106A95D000D508B /* DeveloperViewController.swift in Sources */ = {isa = PBXBuildFile; fileRef = B89C9FD32106A95D000D508B /* DeveloperViewController.swift */; };
		B8CDF0DD21022BA500CA749F /* Settings.swift in Sources */ = {isa = PBXBuildFile; fileRef = B8CDF0DC21022BA500CA749F /* Settings.swift */; };
		B8CDF0DF2102615D00CA749F /* StaffDetailViewController.swift in Sources */ = {isa = PBXBuildFile; fileRef = B8CDF0DE2102615D00CA749F /* StaffDetailViewController.swift */; };
		B8D4895220FF6A4B00655A25 /* MXLCalendarManager.m in Sources */ = {isa = PBXBuildFile; fileRef = B8D4894820FF6A4B00655A25 /* MXLCalendarManager.m */; };
		B8D4895320FF6A4B00655A25 /* MXLCalendar.m in Sources */ = {isa = PBXBuildFile; fileRef = B8D4894A20FF6A4B00655A25 /* MXLCalendar.m */; };
		B8D4895420FF6A4B00655A25 /* NSTimeZone+ProperAbbreviation.m in Sources */ = {isa = PBXBuildFile; fileRef = B8D4894C20FF6A4B00655A25 /* NSTimeZone+ProperAbbreviation.m */; };
		B8D4895520FF6A4B00655A25 /* MXLCalendarAttendee.m in Sources */ = {isa = PBXBuildFile; fileRef = B8D4894D20FF6A4B00655A25 /* MXLCalendarAttendee.m */; };
		B8D4895620FF6A4B00655A25 /* MXLCalendarEvent.m in Sources */ = {isa = PBXBuildFile; fileRef = B8D4895020FF6A4B00655A25 /* MXLCalendarEvent.m */; };
		B8D4895C20FF783800655A25 /* EventCollectionViewCell.swift in Sources */ = {isa = PBXBuildFile; fileRef = B8D4895B20FF783800655A25 /* EventCollectionViewCell.swift */; };
		B8D4896020FF877A00655A25 /* StaffCollectionViewCell.swift in Sources */ = {isa = PBXBuildFile; fileRef = B8D4895F20FF877A00655A25 /* StaffCollectionViewCell.swift */; };
		B8D48962210109B100655A25 /* MoreViewController.swift in Sources */ = {isa = PBXBuildFile; fileRef = B8D48961210109B100655A25 /* MoreViewController.swift */; };
		B8EC172120FE5D7700B80763 /* PowerSchoolViewController.swift in Sources */ = {isa = PBXBuildFile; fileRef = B8EC172020FE5D7700B80763 /* PowerSchoolViewController.swift */; };
		B8F0CC0D203DC5E800E7405A /* AppDelegate.swift in Sources */ = {isa = PBXBuildFile; fileRef = B8F0CC0C203DC5E800E7405A /* AppDelegate.swift */; };
		B8F0CC14203DC5E800E7405A /* Main.storyboard in Resources */ = {isa = PBXBuildFile; fileRef = B8F0CC12203DC5E800E7405A /* Main.storyboard */; };
		B8F0CC16203DC5E900E7405A /* Assets.xcassets in Resources */ = {isa = PBXBuildFile; fileRef = B8F0CC15203DC5E900E7405A /* Assets.xcassets */; };
		B8F0CC19203DC5E900E7405A /* LaunchScreen.storyboard in Resources */ = {isa = PBXBuildFile; fileRef = B8F0CC17203DC5E900E7405A /* LaunchScreen.storyboard */; };
		FF3B8EEC6EFA505CD5083CA7 /* Pods_KGHS.framework in Frameworks */ = {isa = PBXBuildFile; fileRef = 4D2A33CB5D32F854C45C9CD9 /* Pods_KGHS.framework */; };
/* End PBXBuildFile section */

/* Begin PBXFileReference section */
		4D2A33CB5D32F854C45C9CD9 /* Pods_KGHS.framework */ = {isa = PBXFileReference; explicitFileType = wrapper.framework; includeInIndex = 0; path = Pods_KGHS.framework; sourceTree = BUILT_PRODUCTS_DIR; };
		928846966680B56FB16A0466 /* Pods-KGHS.release.xcconfig */ = {isa = PBXFileReference; includeInIndex = 1; lastKnownFileType = text.xcconfig; name = "Pods-KGHS.release.xcconfig"; path = "Pods/Target Support Files/Pods-KGHS/Pods-KGHS.release.xcconfig"; sourceTree = "<group>"; };
		B825C04F21016203003B644B /* EventDetailViewController.swift */ = {isa = PBXFileReference; lastKnownFileType = sourcecode.swift; path = EventDetailViewController.swift; sourceTree = "<group>"; };
		B83809A720FE27CA00A45DF9 /* EventsViewController.swift */ = {isa = PBXFileReference; fileEncoding = 4; lastKnownFileType = sourcecode.swift; path = EventsViewController.swift; sourceTree = "<group>"; };
		B83809A820FE27CA00A45DF9 /* StaffViewController.swift */ = {isa = PBXFileReference; fileEncoding = 4; lastKnownFileType = sourcecode.swift; path = StaffViewController.swift; sourceTree = "<group>"; };
		B83809AB20FE2D0C00A45DF9 /* Staff.swift */ = {isa = PBXFileReference; lastKnownFileType = sourcecode.swift; path = Staff.swift; sourceTree = "<group>"; };
		B83809B020FE2D6C00A45DF9 /* Event.swift */ = {isa = PBXFileReference; lastKnownFileType = sourcecode.swift; path = Event.swift; sourceTree = "<group>"; };
		B84FB3F521061BFE005443AC /* Haptics.swift */ = {isa = PBXFileReference; fileEncoding = 4; lastKnownFileType = sourcecode.swift; path = Haptics.swift; sourceTree = "<group>"; };
		B89C9FD12106A3BE000D508B /* SettingsViewController.swift */ = {isa = PBXFileReference; lastKnownFileType = sourcecode.swift; path = SettingsViewController.swift; sourceTree = "<group>"; };
		B89C9FD32106A95D000D508B /* DeveloperViewController.swift */ = {isa = PBXFileReference; lastKnownFileType = sourcecode.swift; path = DeveloperViewController.swift; sourceTree = "<group>"; };
		B8CDF0DC21022BA500CA749F /* Settings.swift */ = {isa = PBXFileReference; lastKnownFileType = sourcecode.swift; path = Settings.swift; sourceTree = "<group>"; };
		B8CDF0DE2102615D00CA749F /* StaffDetailViewController.swift */ = {isa = PBXFileReference; lastKnownFileType = sourcecode.swift; path = StaffDetailViewController.swift; sourceTree = "<group>"; };
		B8D4894820FF6A4B00655A25 /* MXLCalendarManager.m */ = {isa = PBXFileReference; fileEncoding = 4; lastKnownFileType = sourcecode.c.objc; path = MXLCalendarManager.m; sourceTree = "<group>"; };
		B8D4894920FF6A4B00655A25 /* MXLCalendarAttendee.h */ = {isa = PBXFileReference; fileEncoding = 4; lastKnownFileType = sourcecode.c.h; path = MXLCalendarAttendee.h; sourceTree = "<group>"; };
		B8D4894A20FF6A4B00655A25 /* MXLCalendar.m */ = {isa = PBXFileReference; fileEncoding = 4; lastKnownFileType = sourcecode.c.objc; path = MXLCalendar.m; sourceTree = "<group>"; };
		B8D4894B20FF6A4B00655A25 /* MXLCalendarEvent.h */ = {isa = PBXFileReference; fileEncoding = 4; lastKnownFileType = sourcecode.c.h; path = MXLCalendarEvent.h; sourceTree = "<group>"; };
		B8D4894C20FF6A4B00655A25 /* NSTimeZone+ProperAbbreviation.m */ = {isa = PBXFileReference; fileEncoding = 4; lastKnownFileType = sourcecode.c.objc; path = "NSTimeZone+ProperAbbreviation.m"; sourceTree = "<group>"; };
		B8D4894D20FF6A4B00655A25 /* MXLCalendarAttendee.m */ = {isa = PBXFileReference; fileEncoding = 4; lastKnownFileType = sourcecode.c.objc; path = MXLCalendarAttendee.m; sourceTree = "<group>"; };
		B8D4894E20FF6A4B00655A25 /* MXLCalendarManager.h */ = {isa = PBXFileReference; fileEncoding = 4; lastKnownFileType = sourcecode.c.h; path = MXLCalendarManager.h; sourceTree = "<group>"; };
		B8D4894F20FF6A4B00655A25 /* NSTimeZone+ProperAbbreviation.h */ = {isa = PBXFileReference; fileEncoding = 4; lastKnownFileType = sourcecode.c.h; path = "NSTimeZone+ProperAbbreviation.h"; sourceTree = "<group>"; };
		B8D4895020FF6A4B00655A25 /* MXLCalendarEvent.m */ = {isa = PBXFileReference; fileEncoding = 4; lastKnownFileType = sourcecode.c.objc; path = MXLCalendarEvent.m; sourceTree = "<group>"; };
		B8D4895120FF6A4B00655A25 /* MXLCalendar.h */ = {isa = PBXFileReference; fileEncoding = 4; lastKnownFileType = sourcecode.c.h; path = MXLCalendar.h; sourceTree = "<group>"; };
		B8D4895720FF6A6300655A25 /* KGHSBridgingHeader.h */ = {isa = PBXFileReference; lastKnownFileType = sourcecode.c.h; path = KGHSBridgingHeader.h; sourceTree = "<group>"; };
		B8D4895B20FF783800655A25 /* EventCollectionViewCell.swift */ = {isa = PBXFileReference; lastKnownFileType = sourcecode.swift; path = EventCollectionViewCell.swift; sourceTree = "<group>"; };
		B8D4895F20FF877A00655A25 /* StaffCollectionViewCell.swift */ = {isa = PBXFileReference; lastKnownFileType = sourcecode.swift; path = StaffCollectionViewCell.swift; sourceTree = "<group>"; };
		B8D48961210109B100655A25 /* MoreViewController.swift */ = {isa = PBXFileReference; lastKnownFileType = sourcecode.swift; path = MoreViewController.swift; sourceTree = "<group>"; };
		B8D48964210157FA00655A25 /* KGHS.entitlements */ = {isa = PBXFileReference; lastKnownFileType = text.plist.entitlements; path = KGHS.entitlements; sourceTree = "<group>"; };
		B8EC172020FE5D7700B80763 /* PowerSchoolViewController.swift */ = {isa = PBXFileReference; lastKnownFileType = sourcecode.swift; path = PowerSchoolViewController.swift; sourceTree = "<group>"; };
		B8F0CC09203DC5E800E7405A /* KGHS.app */ = {isa = PBXFileReference; explicitFileType = wrapper.application; includeInIndex = 0; path = KGHS.app; sourceTree = BUILT_PRODUCTS_DIR; };
		B8F0CC0C203DC5E800E7405A /* AppDelegate.swift */ = {isa = PBXFileReference; lastKnownFileType = sourcecode.swift; path = AppDelegate.swift; sourceTree = "<group>"; };
		B8F0CC13203DC5E800E7405A /* Base */ = {isa = PBXFileReference; lastKnownFileType = file.storyboard; name = Base; path = Base.lproj/Main.storyboard; sourceTree = "<group>"; };
		B8F0CC15203DC5E900E7405A /* Assets.xcassets */ = {isa = PBXFileReference; lastKnownFileType = folder.assetcatalog; path = Assets.xcassets; sourceTree = "<group>"; };
		B8F0CC18203DC5E900E7405A /* Base */ = {isa = PBXFileReference; lastKnownFileType = file.storyboard; name = Base; path = Base.lproj/LaunchScreen.storyboard; sourceTree = "<group>"; };
		B8F0CC1A203DC5E900E7405A /* Info.plist */ = {isa = PBXFileReference; lastKnownFileType = text.plist.xml; path = Info.plist; sourceTree = "<group>"; };
		E3AA21DEF6A5A046C588EA7A /* Pods-KGHS.debug.xcconfig */ = {isa = PBXFileReference; includeInIndex = 1; lastKnownFileType = text.xcconfig; name = "Pods-KGHS.debug.xcconfig"; path = "Pods/Target Support Files/Pods-KGHS/Pods-KGHS.debug.xcconfig"; sourceTree = "<group>"; };
/* End PBXFileReference section */

/* Begin PBXFrameworksBuildPhase section */
		B8F0CC06203DC5E800E7405A /* Frameworks */ = {
			isa = PBXFrameworksBuildPhase;
			buildActionMask = 2147483647;
			files = (
				FF3B8EEC6EFA505CD5083CA7 /* Pods_KGHS.framework in Frameworks */,
			);
			runOnlyForDeploymentPostprocessing = 0;
		};
/* End PBXFrameworksBuildPhase section */

/* Begin PBXGroup section */
		41D209786E1E713439140C7C /* Frameworks */ = {
			isa = PBXGroup;
			children = (
				4D2A33CB5D32F854C45C9CD9 /* Pods_KGHS.framework */,
			);
			name = Frameworks;
			sourceTree = "<group>";
		};
		8BBA16681650211E0D89B398 /* Pods */ = {
			isa = PBXGroup;
			children = (
				E3AA21DEF6A5A046C588EA7A /* Pods-KGHS.debug.xcconfig */,
				928846966680B56FB16A0466 /* Pods-KGHS.release.xcconfig */,
			);
			name = Pods;
			sourceTree = "<group>";
		};
		B83809AD20FE2D0F00A45DF9 /* Model */ = {
			isa = PBXGroup;
			children = (
				B83809B020FE2D6C00A45DF9 /* Event.swift */,
				B83809AB20FE2D0C00A45DF9 /* Staff.swift */,
				B8CDF0DC21022BA500CA749F /* Settings.swift */,
			);
			path = Model;
			sourceTree = "<group>";
		};
		B83809AE20FE2D1500A45DF9 /* Interface */ = {
			isa = PBXGroup;
			children = (
				B84FB3F521061BFE005443AC /* Haptics.swift */,
				B8D4895A20FF782500655A25 /* Events */,
				B8D4895E20FF876A00655A25 /* Staff */,
				B8EC172020FE5D7700B80763 /* PowerSchoolViewController.swift */,
				B8D48963210109B400655A25 /* More */,
			);
			path = Interface;
			sourceTree = "<group>";
		};
		B83809AF20FE2D2B00A45DF9 /* iOS */ = {
			isa = PBXGroup;
			children = (
				B8F0CC0C203DC5E800E7405A /* AppDelegate.swift */,
				B83809AE20FE2D1500A45DF9 /* Interface */,
				B83809AD20FE2D0F00A45DF9 /* Model */,
				B8F0CC12203DC5E800E7405A /* Main.storyboard */,
				B8F0CC17203DC5E900E7405A /* LaunchScreen.storyboard */,
				B8F0CC15203DC5E900E7405A /* Assets.xcassets */,
				B8D4895720FF6A6300655A25 /* KGHSBridgingHeader.h */,
				B8D4894420FF6A0B00655A25 /* Frameworks */,
				B8F0CC1A203DC5E900E7405A /* Info.plist */,
			);
			path = iOS;
			sourceTree = "<group>";
		};
		B8D4894420FF6A0B00655A25 /* Frameworks */ = {
			isa = PBXGroup;
			children = (
				B8D4894720FF6A4B00655A25 /* MXLCalendarManager */,
			);
			path = Frameworks;
			sourceTree = "<group>";
		};
		B8D4894720FF6A4B00655A25 /* MXLCalendarManager */ = {
			isa = PBXGroup;
			children = (
				B8D4894820FF6A4B00655A25 /* MXLCalendarManager.m */,
				B8D4894920FF6A4B00655A25 /* MXLCalendarAttendee.h */,
				B8D4894A20FF6A4B00655A25 /* MXLCalendar.m */,
				B8D4894B20FF6A4B00655A25 /* MXLCalendarEvent.h */,
				B8D4894C20FF6A4B00655A25 /* NSTimeZone+ProperAbbreviation.m */,
				B8D4894D20FF6A4B00655A25 /* MXLCalendarAttendee.m */,
				B8D4894E20FF6A4B00655A25 /* MXLCalendarManager.h */,
				B8D4894F20FF6A4B00655A25 /* NSTimeZone+ProperAbbreviation.h */,
				B8D4895020FF6A4B00655A25 /* MXLCalendarEvent.m */,
				B8D4895120FF6A4B00655A25 /* MXLCalendar.h */,
			);
			path = MXLCalendarManager;
			sourceTree = "<group>";
		};
		B8D4895A20FF782500655A25 /* Events */ = {
			isa = PBXGroup;
			children = (
				B83809A720FE27CA00A45DF9 /* EventsViewController.swift */,
				B825C04F21016203003B644B /* EventDetailViewController.swift */,
				B8D4895B20FF783800655A25 /* EventCollectionViewCell.swift */,
			);
			path = Events;
			sourceTree = "<group>";
		};
		B8D4895E20FF876A00655A25 /* Staff */ = {
			isa = PBXGroup;
			children = (
				B83809A820FE27CA00A45DF9 /* StaffViewController.swift */,
				B8CDF0DE2102615D00CA749F /* StaffDetailViewController.swift */,
				B8D4895F20FF877A00655A25 /* StaffCollectionViewCell.swift */,
			);
			path = Staff;
			sourceTree = "<group>";
		};
		B8D48963210109B400655A25 /* More */ = {
			isa = PBXGroup;
			children = (
				B8D48961210109B100655A25 /* MoreViewController.swift */,
				B89C9FD12106A3BE000D508B /* SettingsViewController.swift */,
				B89C9FD32106A95D000D508B /* DeveloperViewController.swift */,
			);
			path = More;
			sourceTree = "<group>";
		};
		B8F0CC00203DC5E800E7405A = {
			isa = PBXGroup;
			children = (
				B8F0CC0B203DC5E800E7405A /* KGHS */,
				B8F0CC0A203DC5E800E7405A /* Products */,
				41D209786E1E713439140C7C /* Frameworks */,
				8BBA16681650211E0D89B398 /* Pods */,
			);
			sourceTree = "<group>";
		};
		B8F0CC0A203DC5E800E7405A /* Products */ = {
			isa = PBXGroup;
			children = (
				B8F0CC09203DC5E800E7405A /* KGHS.app */,
			);
			name = Products;
			sourceTree = "<group>";
		};
		B8F0CC0B203DC5E800E7405A /* KGHS */ = {
			isa = PBXGroup;
			children = (
				B8D48964210157FA00655A25 /* KGHS.entitlements */,
				B83809AF20FE2D2B00A45DF9 /* iOS */,
			);
			path = KGHS;
			sourceTree = "<group>";
		};
/* End PBXGroup section */

/* Begin PBXNativeTarget section */
		B8F0CC08203DC5E800E7405A /* KGHS */ = {
			isa = PBXNativeTarget;
			buildConfigurationList = B8F0CC1D203DC5E900E7405A /* Build configuration list for PBXNativeTarget "KGHS" */;
			buildPhases = (
				4826E8A9CF9E96FA06F5B893 /* [CP] Check Pods Manifest.lock */,
				B8F0CC05203DC5E800E7405A /* Sources */,
				B8F0CC06203DC5E800E7405A /* Frameworks */,
				B8F0CC07203DC5E800E7405A /* Resources */,
				D15160EED1A352843278E692 /* [CP] Embed Pods Frameworks */,
			);
			buildRules = (
			);
			dependencies = (
			);
			name = KGHS;
			productName = KGHS;
			productReference = B8F0CC09203DC5E800E7405A /* KGHS.app */;
			productType = "com.apple.product-type.application";
		};
/* End PBXNativeTarget section */

/* Begin PBXProject section */
		B8F0CC01203DC5E800E7405A /* Project object */ = {
			isa = PBXProject;
			attributes = {
				LastSwiftUpdateCheck = 0930;
				LastUpgradeCheck = 0930;
				ORGANIZATIONNAME = "Collin DeWaters";
				TargetAttributes = {
					B8F0CC08203DC5E800E7405A = {
						CreatedOnToolsVersion = 9.3;
						SystemCapabilities = {
							com.apple.Push = {
								enabled = 1;
							};
						};
					};
				};
			};
			buildConfigurationList = B8F0CC04203DC5E800E7405A /* Build configuration list for PBXProject "KGHS" */;
			compatibilityVersion = "Xcode 9.3";
			developmentRegion = en;
			hasScannedForEncodings = 0;
			knownRegions = (
				en,
				Base,
			);
			mainGroup = B8F0CC00203DC5E800E7405A;
			productRefGroup = B8F0CC0A203DC5E800E7405A /* Products */;
			projectDirPath = "";
			projectRoot = "";
			targets = (
				B8F0CC08203DC5E800E7405A /* KGHS */,
			);
		};
/* End PBXProject section */

/* Begin PBXResourcesBuildPhase section */
		B8F0CC07203DC5E800E7405A /* Resources */ = {
			isa = PBXResourcesBuildPhase;
			buildActionMask = 2147483647;
			files = (
				B8F0CC19203DC5E900E7405A /* LaunchScreen.storyboard in Resources */,
				B8F0CC16203DC5E900E7405A /* Assets.xcassets in Resources */,
				B8F0CC14203DC5E800E7405A /* Main.storyboard in Resources */,
			);
			runOnlyForDeploymentPostprocessing = 0;
		};
/* End PBXResourcesBuildPhase section */

/* Begin PBXShellScriptBuildPhase section */
		4826E8A9CF9E96FA06F5B893 /* [CP] Check Pods Manifest.lock */ = {
			isa = PBXShellScriptBuildPhase;
			buildActionMask = 2147483647;
			files = (
			);
			inputPaths = (
				"${PODS_PODFILE_DIR_PATH}/Podfile.lock",
				"${PODS_ROOT}/Manifest.lock",
			);
			name = "[CP] Check Pods Manifest.lock";
			outputPaths = (
				"$(DERIVED_FILE_DIR)/Pods-KGHS-checkManifestLockResult.txt",
			);
			runOnlyForDeploymentPostprocessing = 0;
			shellPath = /bin/sh;
			shellScript = "diff \"${PODS_PODFILE_DIR_PATH}/Podfile.lock\" \"${PODS_ROOT}/Manifest.lock\" > /dev/null\nif [ $? != 0 ] ; then\n    # print error to STDERR\n    echo \"error: The sandbox is not in sync with the Podfile.lock. Run 'pod install' or update your CocoaPods installation.\" >&2\n    exit 1\nfi\n# This output is used by Xcode 'outputs' to avoid re-running this script phase.\necho \"SUCCESS\" > \"${SCRIPT_OUTPUT_FILE_0}\"\n";
			showEnvVarsInLog = 0;
		};
		D15160EED1A352843278E692 /* [CP] Embed Pods Frameworks */ = {
			isa = PBXShellScriptBuildPhase;
			buildActionMask = 2147483647;
			files = (
			);
			inputPaths = (
				"${SRCROOT}/Pods/Target Support Files/Pods-KGHS/Pods-KGHS-frameworks.sh",
				"${BUILT_PRODUCTS_DIR}/NVActivityIndicatorView/NVActivityIndicatorView.framework",
			);
			name = "[CP] Embed Pods Frameworks";
			outputPaths = (
				"${TARGET_BUILD_DIR}/${FRAMEWORKS_FOLDER_PATH}/NVActivityIndicatorView.framework",
			);
			runOnlyForDeploymentPostprocessing = 0;
			shellPath = /bin/sh;
			shellScript = "\"${SRCROOT}/Pods/Target Support Files/Pods-KGHS/Pods-KGHS-frameworks.sh\"\n";
			showEnvVarsInLog = 0;
		};
/* End PBXShellScriptBuildPhase section */

/* Begin PBXSourcesBuildPhase section */
		B8F0CC05203DC5E800E7405A /* Sources */ = {
			isa = PBXSourcesBuildPhase;
			buildActionMask = 2147483647;
			files = (
				B84FB3F621061BFE005443AC /* Haptics.swift in Sources */,
				B8F0CC0D203DC5E800E7405A /* AppDelegate.swift in Sources */,
				B8D4896020FF877A00655A25 /* StaffCollectionViewCell.swift in Sources */,
				B8D4895C20FF783800655A25 /* EventCollectionViewCell.swift in Sources */,
				B83809AA20FE27CA00A45DF9 /* StaffViewController.swift in Sources */,
				B89C9FD22106A3BE000D508B /* SettingsViewController.swift in Sources */,
				B8D4895220FF6A4B00655A25 /* MXLCalendarManager.m in Sources */,
				B8D4895320FF6A4B00655A25 /* MXLCalendar.m in Sources */,
				B825C05021016203003B644B /* EventDetailViewController.swift in Sources */,
				B8EC172120FE5D7700B80763 /* PowerSchoolViewController.swift in Sources */,
				B8D48962210109B100655A25 /* MoreViewController.swift in Sources */,
				B8CDF0DF2102615D00CA749F /* StaffDetailViewController.swift in Sources */,
				B83809AC20FE2D0C00A45DF9 /* Staff.swift in Sources */,
				B8CDF0DD21022BA500CA749F /* Settings.swift in Sources */,
				B83809A920FE27CA00A45DF9 /* EventsViewController.swift in Sources */,
				B83809B120FE2D6C00A45DF9 /* Event.swift in Sources */,
				B8D4895620FF6A4B00655A25 /* MXLCalendarEvent.m in Sources */,
				B89C9FD42106A95D000D508B /* DeveloperViewController.swift in Sources */,
				B8D4895420FF6A4B00655A25 /* NSTimeZone+ProperAbbreviation.m in Sources */,
				B8D4895520FF6A4B00655A25 /* MXLCalendarAttendee.m in Sources */,
			);
			runOnlyForDeploymentPostprocessing = 0;
		};
/* End PBXSourcesBuildPhase section */

/* Begin PBXVariantGroup section */
		B8F0CC12203DC5E800E7405A /* Main.storyboard */ = {
			isa = PBXVariantGroup;
			children = (
				B8F0CC13203DC5E800E7405A /* Base */,
			);
			name = Main.storyboard;
			sourceTree = "<group>";
		};
		B8F0CC17203DC5E900E7405A /* LaunchScreen.storyboard */ = {
			isa = PBXVariantGroup;
			children = (
				B8F0CC18203DC5E900E7405A /* Base */,
			);
			name = LaunchScreen.storyboard;
			sourceTree = "<group>";
		};
/* End PBXVariantGroup section */

/* Begin XCBuildConfiguration section */
		B8F0CC1B203DC5E900E7405A /* Debug */ = {
			isa = XCBuildConfiguration;
			buildSettings = {
				ALWAYS_SEARCH_USER_PATHS = NO;
				CLANG_ANALYZER_NONNULL = YES;
				CLANG_ANALYZER_NUMBER_OBJECT_CONVERSION = YES_AGGRESSIVE;
				CLANG_CXX_LANGUAGE_STANDARD = "gnu++14";
				CLANG_CXX_LIBRARY = "libc++";
				CLANG_ENABLE_MODULES = YES;
				CLANG_ENABLE_OBJC_ARC = YES;
				CLANG_ENABLE_OBJC_WEAK = YES;
				CLANG_WARN_BLOCK_CAPTURE_AUTORELEASING = YES;
				CLANG_WARN_BOOL_CONVERSION = YES;
				CLANG_WARN_COMMA = YES;
				CLANG_WARN_CONSTANT_CONVERSION = YES;
				CLANG_WARN_DEPRECATED_OBJC_IMPLEMENTATIONS = YES;
				CLANG_WARN_DIRECT_OBJC_ISA_USAGE = YES_ERROR;
				CLANG_WARN_DOCUMENTATION_COMMENTS = YES;
				CLANG_WARN_EMPTY_BODY = YES;
				CLANG_WARN_ENUM_CONVERSION = YES;
				CLANG_WARN_INFINITE_RECURSION = YES;
				CLANG_WARN_INT_CONVERSION = YES;
				CLANG_WARN_NON_LITERAL_NULL_CONVERSION = YES;
				CLANG_WARN_OBJC_IMPLICIT_RETAIN_SELF = YES;
				CLANG_WARN_OBJC_LITERAL_CONVERSION = YES;
				CLANG_WARN_OBJC_ROOT_CLASS = YES_ERROR;
				CLANG_WARN_RANGE_LOOP_ANALYSIS = YES;
				CLANG_WARN_STRICT_PROTOTYPES = YES;
				CLANG_WARN_SUSPICIOUS_MOVE = YES;
				CLANG_WARN_UNGUARDED_AVAILABILITY = YES_AGGRESSIVE;
				CLANG_WARN_UNREACHABLE_CODE = YES;
				CLANG_WARN__DUPLICATE_METHOD_MATCH = YES;
				CODE_SIGN_IDENTITY = "iPhone Developer";
				COPY_PHASE_STRIP = NO;
				DEBUG_INFORMATION_FORMAT = dwarf;
				ENABLE_STRICT_OBJC_MSGSEND = YES;
				ENABLE_TESTABILITY = YES;
				GCC_C_LANGUAGE_STANDARD = gnu11;
				GCC_DYNAMIC_NO_PIC = NO;
				GCC_NO_COMMON_BLOCKS = YES;
				GCC_OPTIMIZATION_LEVEL = 0;
				GCC_PREPROCESSOR_DEFINITIONS = (
					"DEBUG=1",
					"$(inherited)",
				);
				GCC_WARN_64_TO_32_BIT_CONVERSION = YES;
				GCC_WARN_ABOUT_RETURN_TYPE = YES_ERROR;
				GCC_WARN_UNDECLARED_SELECTOR = YES;
				GCC_WARN_UNINITIALIZED_AUTOS = YES_AGGRESSIVE;
				GCC_WARN_UNUSED_FUNCTION = YES;
				GCC_WARN_UNUSED_VARIABLE = YES;
				IPHONEOS_DEPLOYMENT_TARGET = 11.3;
				MTL_ENABLE_DEBUG_INFO = YES;
				ONLY_ACTIVE_ARCH = YES;
				SDKROOT = iphoneos;
				SWIFT_ACTIVE_COMPILATION_CONDITIONS = DEBUG;
				SWIFT_OPTIMIZATION_LEVEL = "-Onone";
			};
			name = Debug;
		};
		B8F0CC1C203DC5E900E7405A /* Release */ = {
			isa = XCBuildConfiguration;
			buildSettings = {
				ALWAYS_SEARCH_USER_PATHS = NO;
				CLANG_ANALYZER_NONNULL = YES;
				CLANG_ANALYZER_NUMBER_OBJECT_CONVERSION = YES_AGGRESSIVE;
				CLANG_CXX_LANGUAGE_STANDARD = "gnu++14";
				CLANG_CXX_LIBRARY = "libc++";
				CLANG_ENABLE_MODULES = YES;
				CLANG_ENABLE_OBJC_ARC = YES;
				CLANG_ENABLE_OBJC_WEAK = YES;
				CLANG_WARN_BLOCK_CAPTURE_AUTORELEASING = YES;
				CLANG_WARN_BOOL_CONVERSION = YES;
				CLANG_WARN_COMMA = YES;
				CLANG_WARN_CONSTANT_CONVERSION = YES;
				CLANG_WARN_DEPRECATED_OBJC_IMPLEMENTATIONS = YES;
				CLANG_WARN_DIRECT_OBJC_ISA_USAGE = YES_ERROR;
				CLANG_WARN_DOCUMENTATION_COMMENTS = YES;
				CLANG_WARN_EMPTY_BODY = YES;
				CLANG_WARN_ENUM_CONVERSION = YES;
				CLANG_WARN_INFINITE_RECURSION = YES;
				CLANG_WARN_INT_CONVERSION = YES;
				CLANG_WARN_NON_LITERAL_NULL_CONVERSION = YES;
				CLANG_WARN_OBJC_IMPLICIT_RETAIN_SELF = YES;
				CLANG_WARN_OBJC_LITERAL_CONVERSION = YES;
				CLANG_WARN_OBJC_ROOT_CLASS = YES_ERROR;
				CLANG_WARN_RANGE_LOOP_ANALYSIS = YES;
				CLANG_WARN_STRICT_PROTOTYPES = YES;
				CLANG_WARN_SUSPICIOUS_MOVE = YES;
				CLANG_WARN_UNGUARDED_AVAILABILITY = YES_AGGRESSIVE;
				CLANG_WARN_UNREACHABLE_CODE = YES;
				CLANG_WARN__DUPLICATE_METHOD_MATCH = YES;
				CODE_SIGN_IDENTITY = "iPhone Developer";
				COPY_PHASE_STRIP = NO;
				DEBUG_INFORMATION_FORMAT = "dwarf-with-dsym";
				ENABLE_NS_ASSERTIONS = NO;
				ENABLE_STRICT_OBJC_MSGSEND = YES;
				GCC_C_LANGUAGE_STANDARD = gnu11;
				GCC_NO_COMMON_BLOCKS = YES;
				GCC_WARN_64_TO_32_BIT_CONVERSION = YES;
				GCC_WARN_ABOUT_RETURN_TYPE = YES_ERROR;
				GCC_WARN_UNDECLARED_SELECTOR = YES;
				GCC_WARN_UNINITIALIZED_AUTOS = YES_AGGRESSIVE;
				GCC_WARN_UNUSED_FUNCTION = YES;
				GCC_WARN_UNUSED_VARIABLE = YES;
				IPHONEOS_DEPLOYMENT_TARGET = 11.3;
				MTL_ENABLE_DEBUG_INFO = NO;
				SDKROOT = iphoneos;
				SWIFT_COMPILATION_MODE = wholemodule;
				SWIFT_OPTIMIZATION_LEVEL = "-O";
				VALIDATE_PRODUCT = YES;
			};
			name = Release;
		};
		B8F0CC1E203DC5E900E7405A /* Debug */ = {
			isa = XCBuildConfiguration;
			baseConfigurationReference = E3AA21DEF6A5A046C588EA7A /* Pods-KGHS.debug.xcconfig */;
			buildSettings = {
				ASSETCATALOG_COMPILER_APPICON_NAME = AppIcon;
				CODE_SIGN_ENTITLEMENTS = KGHS/KGHS.entitlements;
				CODE_SIGN_STYLE = Automatic;
				DEVELOPMENT_TEAM = AP48SCT3J2;
				INFOPLIST_FILE = "$(SRCROOT)/KGHS/iOS/Info.plist";
				IPHONEOS_DEPLOYMENT_TARGET = 11.0;
				LD_RUNPATH_SEARCH_PATHS = (
					"$(inherited)",
					"@executable_path/Frameworks",
				);
				PRODUCT_BUNDLE_IDENTIFIER = com.CDWApps.KGHS;
				PRODUCT_NAME = "$(TARGET_NAME)";
				SWIFT_OBJC_BRIDGING_HEADER = "$(PROJECT_DIR)/$(PROJECT_NAME)/iOS/KGHSBridgingHeader.h";
				SWIFT_PRECOMPILE_BRIDGING_HEADER = YES;
				SWIFT_VERSION = 4.0;
				TARGETED_DEVICE_FAMILY = "1,2";
			};
			name = Debug;
		};
		B8F0CC1F203DC5E900E7405A /* Release */ = {
			isa = XCBuildConfiguration;
			baseConfigurationReference = 928846966680B56FB16A0466 /* Pods-KGHS.release.xcconfig */;
			buildSettings = {
				ASSETCATALOG_COMPILER_APPICON_NAME = AppIcon;
				CODE_SIGN_ENTITLEMENTS = KGHS/KGHS.entitlements;
				CODE_SIGN_STYLE = Automatic;
				DEVELOPMENT_TEAM = AP48SCT3J2;
				INFOPLIST_FILE = "$(SRCROOT)/KGHS/iOS/Info.plist";
				IPHONEOS_DEPLOYMENT_TARGET = 11.0;
				LD_RUNPATH_SEARCH_PATHS = (
					"$(inherited)",
					"@executable_path/Frameworks",
				);
				PRODUCT_BUNDLE_IDENTIFIER = com.CDWApps.KGHS;
				PRODUCT_NAME = "$(TARGET_NAME)";
				SWIFT_OBJC_BRIDGING_HEADER = "$(PROJECT_DIR)/$(PROJECT_NAME)/iOS/KGHSBridgingHeader.h";
				SWIFT_PRECOMPILE_BRIDGING_HEADER = YES;
				SWIFT_VERSION = 4.0;
				TARGETED_DEVICE_FAMILY = "1,2";
			};
			name = Release;
		};
/* End XCBuildConfiguration section */

/* Begin XCConfigurationList section */
		B8F0CC04203DC5E800E7405A /* Build configuration list for PBXProject "KGHS" */ = {
			isa = XCConfigurationList;
			buildConfigurations = (
				B8F0CC1B203DC5E900E7405A /* Debug */,
				B8F0CC1C203DC5E900E7405A /* Release */,
			);
			defaultConfigurationIsVisible = 0;
			defaultConfigurationName = Release;
		};
		B8F0CC1D203DC5E900E7405A /* Build configuration list for PBXNativeTarget "KGHS" */ = {
			isa = XCConfigurationList;
			buildConfigurations = (
				B8F0CC1E203DC5E900E7405A /* Debug */,
				B8F0CC1F203DC5E900E7405A /* Release */,
			);
			defaultConfigurationIsVisible = 0;
			defaultConfigurationName = Release;
		};
/* End XCConfigurationList section */
	};
	rootObject = B8F0CC01203DC5E800E7405A /* Project object */;
}
